github.com/davecgh/go-spew v1.1.1 h1:vj9j/u1bqnvCEfJOwUhtlOARqs3+rkHYY13jYWTU97c=
github.com/davecgh/go-spew v1.1.1/go.mod h1:J7Y8YcW2NihsgmVo/mv3lAwl/skON4iLHjSsI+c5H38=
github.com/jinzhu/copier v0.4.0 h1:w3ciUoD19shMCRargcpm0cm91ytaBhDvuRpz1ODO/U8=
github.com/jinzhu/copier v0.4.0/go.mod h1:DfbEm0FYsaqBcKcFuvmOZb218JkPGtvSHsKg8S8hyyg=
github.com/permguard/permguard-common v0.0.1-0.20250324235958-a7cfb846171e h1:twWa6q9ucVIlYqawyVFwnTySDA32U4hpDdfydmNB0jk=
github.com/permguard/permguard-common v0.0.1-0.20250324235958-a7cfb846171e/go.mod h1:lB0itvH4Zfo6VZGSqKvX5hY/QXOzgvyKgtGllcdIrkk=
github.com/permguard/permguard-ztauthstar-ledger v0.0.0-20250324163543-2dbc30aa29e0 h1:R/tWr7UOGIFRigYllQ4+7Urp0367I6ZYVvojaaj3rPo=
github.com/permguard/permguard-ztauthstar-ledger v0.0.0-20250324163543-2dbc30aa29e0/go.mod h1:A0bcUjqXhiUK6hLB0x2FKX4LCKxOJhfVKqZLnbC3Cec=
github.com/pmezard/go-difflib v1.0.0 h1:4DBwDE0NGyQoBHbLQYPwSUPoCMWR5BEzIk/f1lZbAQM=
github.com/pmezard/go-difflib v1.0.0/go.mod h1:iKH77koFhYxTK1pcRnkKkqfTogsbg7gZNVY4sRDYZ/4=
github.com/stretchr/testify v1.9.0 h1:HtqpIVDClZ4nwg75+f6Lvsy/wHu+3BoSGCbBAcpTsTg=
github.com/stretchr/testify v1.9.0/go.mod h1:r2ic/lqez/lEtzL7wO/rwa5dbSLXVDPFyf8C91i36aY=
gopkg.in/yaml.v3 v3.0.1 h1:fxVm/GzAzEWqLHuvctI91KS9hhNmmWOoWu0XTYJS7CA=
gopkg.in/yaml.v3 v3.0.1/go.mod h1:K4uyk7z7BCEPqu6E+C64Yfv1cQ7kz7rIZviUmN+EgEM=
